github.com/akennedy-io/multicache v0.0.0-20181001180439-3887c08d5c8f h1:yatE6UTwWcyD+nVScymnJokOn0mV5S0v1Z2r5xT3l50=
github.com/akennedy-io/multicache v0.0.0-20181001180439-3887c08d5c8f/go.mod h1:3KdVB0X3c+OG6J5dIR7WpYe8lLiX2mXbQFmD1pE1UoA=
github.com/bytedance/sonic v1.5.0 h1:Ev9iK4Y3nT4Ozzj+oRS+D+NDcI3LVg+9RiMhF5+TEB4=
github.com/bytedance/sonic v1.5.0/go.mod h1:2o0uOh6OAmzw5iXNrO+4W/0Qe8S8dR97OhTQ6eEVuMA=
github.com/bytedance/sonic/loader v0.1.1 h1:DCWrEE4q0vH/M9eNJOjcbZ1Z9J9T4J/4Z9R1j4o9x/8=
github.com/bytedance/sonic/loader v0.1.1/go.mod h1:UgPoV+P/A+Vh+5n6Zf+6U2IOtYj7diiU1Qv/UjN9DNo=
github.com/chenzhuoyu/base64x v0.0.0-20211019084208-fb5309ef6ab6 h1:9L6ZVvYvx0W+U5Vql6aM8m4B7R8b8b+NdEy4g4yA6rs=
github.com/chenzhuoyu/base64x v0.0.0-20211019084208-fb5309ef6ab6/go.mod h1:EzvAx3H5cYpCjT6a8n8r6Uzu0udgEcxmD5kFuy6oNhY=
github.com/chenzhuoyu/iasm v0.9.0 h1:Yr1l1f7b//8H3uZwoOmq8Zxu21Zjs5iXAXKk3r3tN2c=
github.com/chenzhuoyu/iasm v0.9.0/go.mod h1:7Z8Zskt1v+0qgh7qC0b6+qu5hKFaO2n5m2j6qL+EBqE=
github.com/chromedp/cdproto v0.0.0-20221024181142-247358e25db6 h1:AJWqG5mH4vH9fS4V5K0E3H3F+4R6i0m5t+8f8O+4j9k=
github.com/chromedp/cdproto v0.0.0-20221024181142-247358e25db6/go.mod h1:3vF69Xb1Z2poV9u9I6a3KqQWH7q7S5X3oU4p0GtVpwQ=
github.com/chromedp/chromedp v0.9.4 h1:0S/TtCY5udX+QMzWtB/0iLJ7eTvu/CqwBnv1P9tY7YY=
github.com/chromedp/chromedp v0.9.4/go.mod h1:3lI0nA//sMtAbGN8sV2GqcS1cK8lS8J0+HDh4m8s2Qw=
github.com/chromedp/sysutil v1.0.0 h1:2iY0YU6H8rToqioY67C4Qut+rcvGZu2I5PdbQTo7H78=
github.com/chromedp/sysutil v1.0.0/go.mod h1:zL50/XxU5E4F5nPdmkQ0FRPkjW5dC4dshcJTEy1r2dk=
github.com/davecgh/go-spew v1.1.0/go.mod h1:J7Y1dfmLHM0rHGdNQ7GfhOldvEOVDEOso1KDNmChSiA=
github.com/davecgh/go-spew v1.1.1 h1:vj9j/u1bqnvCEfJOwUhtlOARqs3+rkHYY13jYWTU97c=
github.com/davecgh/go-spew v1.1.1/go.mod h1:J7Y1dfmLHM0rHGdNQ7GfhOldvEOVDEOso1KDNmChSiA=
github.com/gabriel-vasile/mimetype v1.4.0 h1:aYYp/Y1Vko8gwhlfzB4DN4v7a13ej5sU0/6q79q+PFM=
github.com/gabriel-vasile/mimetype v1.4.0/go.mod h1:Wx8B8bW0o2YxGkgnK6J8bSg0KfZCDf+3b5kHB8U9e0c=
github.com/gin-contrib/sse v0.1.0 h1:YJR7I3f7s7rWw6RwjwkNX1VzeS3AN6OQgcV2n/CiHEs=
github.com/gin-contrib/sse v0.1.0/go.mod h1:HY/8HwJVXg4pPwL6cI6d1p5ZxTshH3sI5pRssEgkv4A=
github.com/gin-gonic/gin v1.9.1 h1:DJ2v0sA2qK7pZ8T9mK+aj0jjuH2y5+gSUeY5rtJXuF8=
github.com/gin-gonic/gin v1.9.1/go.mod h1:4+fr/l2Q0qVAvNLDVInwGXXZ4pR4M8L5NhlcXqG1/ko=
github.com/go-playground/locales v0.14.1 h1:Lgqxhe1z7U5ckLZAt9nT9mKzUyH3d1x1x0g/HdY3Kwc=
github.com/go-playground/locales v0.14.1/go.mod h1:ewB5R4nXvtE4ixR6v1xQS8GMLkGhFl57+Hu8rsrN5hA=
github.com/go-playground/universal-translator v0.18.1 h1:82dyy6p5kNijGftA93zrPPaW0R9fghiCNnZevpAEXCE=
github.com/go-playground/universal-translator v0.18.1/go.mod h1:82dyy6p5kNijGftA93zrPPaW0R9fghiCNnZevpAEXCE=
github.com/go-playground/validator/v10 v10.16.0 h1:Qk5fC9p8p6w3U6pX5by8aNq1e0Y/G7062G/W8fS9jPs=
github.com/go-playground/validator/v10 v10.16.0/go.mod h1:LDsPck9+j9hX4xmT8gs9RDYDn6iP0zr5bbkM5+IP+7g=
github.com/gobwas/httphead v0.1.0 h1:s+FD3oHMTf/9dB8qYqVwSE9HsoMLOK5t7I/zudD0i8c=
github.com/gobwas/httphead v0.1.0/go.mod h1:8zK1rO8n9YZ0u5ZjuJ3x4ZndmU7l+LPXw7ZltRzZttQ=
github.com/gobwas/pool v0.2.1 h1:5t4F5Hf1s1w4YN5b7a4yQYD8dseIJb8s5c0g1JJeXgE=
github.com/gobwas/pool v0.2.1/go.mod h1:dUs8FvwDKpVsrhdc8aK8v3F8u5Q/7m6OC0u+8zN2nng=
github.com/gobwas/ws v1.2.1 h1:F6qc3caJPrBlXIU8G4M6s3G4k+6a+3iUoq8r4zp2XE8=
github.com/gobwas/ws v1.2.1/go.mod h1:GpV1eS68ekd3WsQ56E7rEr9Cj3KHTgSF3Q8U7eO1eJ0=
github.com/googollee/go-engine.io v0.0.0-20180110042551-9c717a1b7b82 h1:MVIE4cO7OW1s2YvRg6m1Y6rJUUgqR8m0yqW4T6M8wFE=
github.com/googollee/go-engine.io v0.0.0-20180110042551-9c717a1b7b82/go.mod h1:HT4q3B6ZzlK8v1/bXm21iZJ4bZ2rA6xOpcJuJ2Rpe3c=
github.com/googollee/go-socket.io v0.0.0-20191026122954-1e86d5e8c3fc h1:fcP3W3dY4Yy7N+U6p3G0mL4oC2o4pR8k6l4v6mS3g70=
github.com/googollee/go-socket.io v0.0.0-20191026122954-1e86d5e8c3fc/go.mod h1:4xroIc5Jmkc3bYCRV6Na8/8J1PrE4qZ4P6V8oqW7+Sw=
github.com/gorilla/websocket v1.4.2 h1:+4RoCyD2adS9yVu/1lC7a+7wR0e+6e1M4aX8r72sQe4=
github.com/gorilla/websocket v1.4.2/go.mod h1:8F/eB8hT6P5f4R1+2HkyE5Qe0nU4hDE4QfB6p9/3swo=
github.com/inconshreveable/mousetrap v1.1.0 h1:Z8tu5sraLXCXIcARxBp/8cbvlwVa7Z1NHg9XEKhtSvM=
github.com/inconshreveable/mousetrap v1.1.0/go.mod h1:wH2XQn2iIO3VBEw6ThIm9lqrRSG0reF2OOFKiNzmeo4=
github.com/jackc/pgpassfile v1.0.0 h1:/9A7bLBIeIpqlt0tIMX9kXLP62y8Qh0/5cVlgPyDXes=
github.com/jackc/pgpassfile v1.0.0/go.mod h1:L4bYLv1zsVNj4n4n5/p+TZRXeLS4i8wlgKqE7yQ8E2Q=
github.com/jackc/pgservicefile v0.0.0-20221227161230-091c0ba34f0a h1:bbPeKD0xmW/Y25WS6cokEszi5p6oOeamY9Q5oq0i/9w=
github.com/jackc/pgservicefile v0.0.0-20221227161230-091c0ba34f0a/go.mod h1:0UKyvtn6b4dDhlajH30u6DUpH5m9qD1T2G6W0r8RjLs=
github.com/jackc/pgx/v5 v5.5.1 h1:Lr8T0I9YjQvG30G1gZ2p0F4S0xkhI+VR4XH9X4b1xsc=
github.com/jackc/pgx/v5 v5.5.1/go.mod h1:0+AOaHc4c7Y1BCGHYtpHcV3oB4y5v6N9zXW1q7XhK5c=
github.com/jackc/puddle/v2 v2.2.1 h1:5qCuPrD1NVDmTxMfHuwtRsmakgRQE9UwkDnYJ9aWyLY=
github.com/jackc/puddle/v2 v2.2.1/go.mod h1:0g0aOaQfWkvZIbHG6ZbmZFT9b5W0/aT6+5s8nMp9d4k=
github.com/jinzhu/inflection v1.0.0 h1:K317FqzuhWc8YxNF0O1rQ/ApPLdBN3OImRrODq7uG2s=
github.com/jinzhu/inflection v1.0.0/go.mod h1:0T0x0xynkQywJjlJKSKY8Q6mVq7m/G/L/5d5+pRU5os=
github.com/jinzhu/now v1.1.5 h1:g39TucaL+FsrqXuEKuNNrZ8i5ht0Wp+CCWqwkeG4K9o=
github.com/jinzhu/now v1.1.5/go.mod h1:+cshz9GPoSBx5L9QaD5THRj0PqG3aT4lU6d/Bi+6r2Q=
github.com/json-iterator/go v1.1.12 h1:PV8peI4aU+huOL4/TaXUjT3tDhqJD4aQwIsiBrBrJ0w=
github.com/json-iterator/go v1.1.12/go.mod h1:+0W1TdT+JKqBYr0cLPFdf5g2mH2c7hO8+8H5UjN9vbg=
github.com/klauspost/cpuid/v2 v2.0.9 h1:n8hY8htB2x2tUPhV1FQlXB4V8D9K6/Jk7qmtWFTfzy0=
github.com/klauspost/cpuid/v2 v2.0.9/go.mod h1:1lO6iS+1mV4q8fXq9Xow4Z7p7iDqP1kJ8v0oUANoDvo=
github.com/kr/pretty v0.3.1 h1:flRD4NNwYAUpkWdtS+RcVBMzLqy2cLr8Cg2z3ZJW63A=
github.com/kr/pretty v0.3.1/go.mod h1:0v2xNnddI2KFGkF+CyJSoDGk7oE9W0wV5Vrg+7kE2a4=
github.com/kr/text v0.2.0 h1:45sCR5RtlFHMR4UwH9sdQ5TC8v0qDQCHnXt+kaKSTVE=
github.com/kr/text v0.2.0/go.mod h1:45sCR5RtlFHMR4UwH9sdQ5TC8v0qDQCHnXt+kaKSTVE=
github.com/kylelemons/godebug v1.1.0 h1:WzgOe5VBN2MnyR+pvkW+IDf0vib6G1jL8yPWwD9fmb0=
github.com/kylelemons/godebug v1.1.0/go.mod h1:IuFHuH6V8e/5NgZ6n4vT4o1X+6Q+4+6T6m5g6m8f8k8=
github.com/labstack/echo/v4 v4.10.1 h1:4oDgh3S8J9q6C5pF2S89M5wQjU4cCQ9U4mB5e1gX9QQ=
github.com/labstack/echo/v4 v4.10.1/go.mod h1:VsF9+7xL4i2dSoPnC8d7HP0iO8z6IjxS8Rvn0p3Q0mU=
github.com/labstack/gommon v0.4.0 h1:5hRS+Zo35v7x+5i3U4ptRx7fKHHc4oW5QnMvM0LbS1U=
github.com/labstack/gommon v0.4.0/go.mod h1:se+5tnT5W9a5Z4v5f4d95c9b2x7tU5LFRfBGFtB4L6Q=
github.com/leodido/go-urn v1.2.4 h1:8A6uK4JnN/lt+w73V5qO1bf/J4cWcE7UQsZ/SfT2m30=
github.com/leodido/go-urn v1.2.4/go.mod h1:2kI0OH9y0hXqIb4stK8bqhQ3g2V4V1zN8lQ4eW7Vq0w=
github.com/lib/pq v1.10.9 h1:5vM8mLT0j+5F0aO1m6N4S9V9+9B3d4V9nNff9m7+5UQ=
github.com/lib/pq v1.10.9/go.mod h1:AlVN5x4PEgI+wg6SdAs8LsAfL7V4E1G4G7+s8l5bODg=
github.com/mattn/go-colorable v0.1.13 h1:p2xNbfxSMe7OXAQz4hc8m6Odoe0c9a6c4fXZN0NqlrQ=
github.com/mattn/go-colorable v0.1.13/go.mod h1:7Q0m9pI4Ed9MCbLq7cC5S9+JB2Px2VgmkD3nF3+Dxtw=
github.com/mattn/go-isatty v0.0.19 h1:JzV4e5HSwfB4Z2SghfNqL8shP3Y3UXvS1S8H2gR6gxc=
github.com/mattn/go-isatty v0.0.19/go.mod h1:1aWqVqMWH+5+9xS2+ZN3d0tkyHXB2Yx4vYwN0tM3xO8=
github.com/mattn/go-sqlite3 v1.14.17 h1:Ap2bF9lKBgS9T6pQvY8bY3S7b0y4iUFDY5+1n3cX4OU=
github.com/mattn/go-sqlite3 v1.14.17/go.mod h1:4st0dYkC7dC8mXU7+IxJ1P4gO7w6U4OEiO5eNd+imTw=
github.com/modern-go/concurrent v0.0.0-20180228061459-e0a39a4cb421 h1:DvHgrt7NXJ8u0oxbYvH4Q9X9w5WW7vR8V1d7fW9g8xc=
github.com/modern-go/concurrent v0.0.0-20180228061459-e0a39a4cb421/go.mod h1:CHolpKKqH3X4kO6gW+n5Z2L7tWIE1p/mkCjD8S9pq8A=
github.com/modern-go/reflect2 v1.0.2 h1:xBagsi0W64e99dT1yFto6GZuQEEfV3vUJTQKM5cbVpA=
github.com/modern-go/reflect2 v1.0.2/go.mod h1:aO4NwCk7gfnuOKhrCz+NhVpXcb8r5WreAH4ih3v7mEg=
github.com/pelletier/go-toml/v2 v2.1.0 h1:9E9x3QeiYGuE9B8s0gLopdGVw0IlocN0QNC5jWFHfYU=
github.com/pelletier/go-toml/v2 v2.1.0/go.mod h1:EgR1vYBo8fYNSHeOeka+5XlaBVzXgV+8iaHDVE9+7pQ=
github.com/pmezard/go-difflib v1.0.0 h1:4DBwDE0NGyQoBHbLQYPwSUPoCMWR5BEzIk/f1lZbAQM=
github.com/pmezard/go-difflib v1.0.0/go.mod h1:iULdtxfhKn5/pY/eFMPq3A5K+5tUa3xR6zC4pc2dH2c=
github.com/rogpeppe/go-internal v1.11.0 h1:BPtDF9KAQjv5jK0vR8BP0v+AwX2pZdxDEv0f4SCLs2w=
github.com/rogpeppe/go-internal v1.11.0/go.mod h1:SBhD9nJ1x4sN2Q8xF0oO4Z2x5Xh9mTghYHs6e9v+8jQ=
github.com/russross/blackfriday/v2 v2.1.0 h1:+bHxW8h2T8I8zx4ZfWUPJEr4K4C3gJ7GBImoC9j+AD0=
github.com/russross/blackfriday/v2 v2.1.0/go.mod h1:+RmxhLaP72m0C1rTV7W7gufqMDZydPdbzt6m3u70N4w=
github.com/spf13/cast v1.5.1 h1:EtV3TO4cU2G8qW9b4nY2X1sP5YuzfT8Q0b4y2w1+mqI=
github.com/spf13/cast v1.5.1/go.mod h1:QGzT1yspw2MCK5cpoXScT7w7n+6Q3kvF9kRP1jL+wd0=
github.com/spf13/cobra v1.8.1 h1:Q2t9xZ8q2BDRv5sUgpZNf6d9+7e1vriK9Hny8X9xG5c=
github.com/spf13/cobra v1.8.1/go.mod h1:QBqK8c7hTP7v3jSrw8P0bMwH8pVLEq+T6s6m8l3X9+E=
github.com/spf13/pflag v1.0.5 h1:iy+VFUOCP1a+8yFto/drg2CJ5iPvG/WXuU7g2POnIgE=
github.com/spf13/pflag v1.0.5/go.mod h1:iy+VFUOCP1a+8yFto/drg2CJ5iPvG/WXuU7g2POnIgE=
github.com/spf13/viper v1.18.2 h1:x4nyFVT+nh1I5r3q3i0sp1n1dT9r9rG1oX2D3s/4J1w=
github.com/spf13/viper v1.18.2/go.mod h1:5hYLmx8zyuPO1+Kh8ABc7X4d8jA3fZqWNB8m06WDZno=
github.com/stretchr/objx v0.5.0 h1:4G4v2dO3VZwixGIRoQ5Lfboy6nUhCyYQ8XuvZ0usK1A=
github.com/stretchr/objx v0.5.0/go.mod h1:rz7mHzp26vNT/CkQRKQLb5XQuT7uz9vPPW1+JM8P4/Q=
github.com/stretchr/testify v1.9.0 h1:HtqlqO1JWf2c9K+1xpSFio8lIIxK6D3tptMC9X0mD2Q=
github.com/stretchr/testify v1.9.0/go.mod h1:5XU+v+7x+4KevC8FGW8AUq5oOzuO/VtZ0GA5j5e1iFw=
github.com/twitchyliquid64/golang-asm v0.15.1 h1:a+DoF4q9nK9hIwnG9z4h5cG2z2F4d6q2bZ9/5v+5O1s=
github.com/twitchyliquid64/golang-asm v0.15.1/go.mod h1:a+DoF4q9nK9hIwnG9z4h5cG2z2F4d6q2bZ9/5v+5O1s=
github.com/ugorji/go/codec v1.2.11 h1:/TZnwNd8DBHFEQBUqRj/7vMz1q2X3t9O8DiRtyliWvU=
github.com/ugorji/go/codec v1.2.11/go.mod h1:3SVOAk9CC9iS1/7SH9l9uKu0rPnpov0z10Yh+9h6gWs=
github.com/valyala/bytebufferpool v1.0.0 h1:GqA5TC3pXypP4bFz1XgXvP+S7tX3Yx9V+0/+cz6qFNg=
github.com/valyala/bytebufferpool v1.0.0/go.mod h1:GqA5TC3pXypP4bFz1XgXvP+S7tX3Yx9V+0/+cz6qFNg=
github.com/valyala/fasthttp v1.48.0 h1:uY+WA9eK6VhaW0+7Y8U0o8tFBRpKrR4uT4b7I/i9Bbo=
github.com/valyala/fasthttp v1.48.0/go.mod h1:8lF0+OaF9V2Tq8p5h+TSd4YZlU6uL+NzS1D4r8o6L4Y=
github.com/valyala/tcplisten v1.0.0 h1:u7tN9oFnW/QyNXOLCquMWH+5Pdy9ZxYvRj1D5m4ir6Y=
github.com/valyala/tcplisten v1.0.0/go.mod h1:AiK8B4q0PNeB3qT4E9oP1G4gW+8d6F+4y9fq0lA+3v8=
go.uber.org/multierr v1.11.0 h1:Obug0V9p+j1J1V3I2xN+4S4S1Yf5oR9m5m0m3HCo/5w=
go.uber.org/multierr v1.11.0/go.mod h1:zj8Vuz2Q0PDV9dS1nG3MQvC3w8a+UmplG3p0wO4t5U8=
go.uber.org/zap v1.26.0 h1:25fCawRAh5M4g3M4IquC7xG0MYO2cXNoT0Mt3V3vB/o=
go.uber.org/zap v1.26.0/go.mod h1:1eF1kWv/3c3u1T+s2w9O8v5Y/h2qW9ggr3d7g+rpC0w=
golang.org/x/arch v0.0.0-20210923205945-b76863e36670 h1:3f8tUeuCE1D6qTmqwOevww+9V0oq0KZbK9SjV2eI7ys=
golang.org/x/arch v0.0.0-20210923205945-b76863e36670/go.mod h1:3sVqp4+0/3D1D7V8bY7lV6U5V7v7uZvfZ9P0wVSOz3c=
golang.org/x/crypto v0.0.0-20190308221718-c2843e01d9a2/go.mod h1:djNgcEr1/CV5/V5rsfWwr1hH3Xyt8z1UVa5O4s8yqJ4=
golang.org/x/crypto v0.0.0-20210921155107-089bfa567519/go.mod h1:GQQK4qfQ7lF1f+IEp7sU9PdyJPFxXbF9mZTqY7eSRSw=
golang.org/x/crypto v0.0.0-20220622213112-27b3f9c9fd87 h1:hfDEk5qX1nTAt7Oqw8y2KlaJAkN+4eC7qK3O17r2c50=
golang.org/x/crypto v0.0.0-20220622213112-27b3f9c9fd87/go.mod h1:IxCI9FAaCDyl9jX7nB4z/t7mT3ydNDq+0W8v4t4dMM8=
golang.org/x/net v0.0.0-20190404232315-eb5bcb51f2a3/go.mod h1:tW1bgd5s/AK9dK7pZQAQJ0f6t2P7n3U8AwUnzE4w7XU=
golang.org/x/net v0.0.0-20210405180319-a6a99cb37b70/go.mod h1:I5t0A3bF9tL4iJ1k5Q8kc6XnSeO1d0uYh6nX8CbSQoQ=
golang.org/x/net v0.0.0-20220722155237-a158d28d115b h1:8l1LTd/8P5cIbeuO7dC6d5qB5f2qLL8pNq7Q7ppQ8Ow=
golang.org/x/net v0.0.0-20220722155237-a158d28d115b/go.mod h1:IiQk8A4aE9mhijU4p6p3BhXjNz5N8dQg/H/d5rYx5Ac=
golang.org/x/sync v0.0.0-20190412183630-56f337795e84/go.mod h1:RxMuwAqAOX+4TGD9xJTi8/6r3mT8uO7b+V9sJ7E9nYc=
golang.org/x/sync v0.0.0-20210220032951-036812b2e83c/go.mod h1:RxMuwAqAOX+4TGD9xJTi8/6r3mT8uO7b+V9sJ7E9nYc=
golang.org/x/sync v0.0.0-20220722155352-886fb9371eb4 h1:9q4GphA3IabQ+5y1S8H0V+AZp4oJ5x1fQ7xT6iX6u40=
golang.org/x/sync v0.0.0-20220722155352-886fb9371eb4/go.mod h1:Iyu4eIsO3c7Y58nZ4t7XU0sA+4QFSDsm5+uoxtE7HEI=
golang.org/x/sys v0.0.0-20190215142949-d0b11bdaac8a/go.mod h1:UzE9c3fHW+jsb1rO2PPN2EEk23H9s+8hU+OKeE5x52U=
golang.org/x/sys v0.0.0-20210615035016-665e8c7367d1/go.mod h1:oPkhp1MJrh7nUepCBck9+G0ksyZ+uwLOoJdL62kT7fw=
golang.org/x/sys v0.0.0-20211025201205-69cdff3e9988 h1:QVZQ5oe1mV4k8kM0mKk9a1F/e8s5V9u9V6p7f7eM0n8=
golang.org/x/sys v0.0.0-20211025201205-69cdff3e9988/go.mod h1:oPkhp1MJrh7nUepCBck9+G0ksyZ+uwLOoJdL62kT7fw=
golang.org/x/sys v0.0.0-20220715151400-c0bba94af5f8 h1:3xnZmSKPf1s3U7G1yoI/5qI8cI9JsuX7oR4T4o2f3eQ=
golang.org/x/sys v0.0.0-20220715151400-c0bba94af5f8/go.mod h1:oPkhp1MJrh7nUepCBck9+G0ksyZ+uwLOoJdL62kT7fw=
golang.org/x/sys v0.19.0 h1:9nB4c8X0V/g6hWnW2eC8cT4n+0QCk1R3V4yvvV2Q0o8=
golang.org/x/sys v0.19.0/go.mod h1:oPkhp1MJrh7nUepCBck9+G0ksyZ+uwLOoJdL62kT7fw=
golang.org/x/sys v0.20.0 h1:0GqRQRn8nH1Z1V5N8DD+6O1q+KAZbxzS3kbl9iVWo1U=
golang.org/x/sys v0.20.0/go.mod h1:oPkhp1MJrh7nUepCBck9+G0ksyZ+uwLOoJdL62kT7fw=
golang.org/x/term v0.0.0-20201126162022-7de9c90e9dd1/go.mod h1:b2cXubpH7n4XWoQ/4Y9V4Q3fQ/m4PCL9mR7x6X1e7nY=
golang.org/x/term v0.0.0-20210927222743-00fc0de3c5db/go.mod h1:JGgROgZlWha0a0ECqFds4KixD3e8bO1h3x4U4d9qwOY=
golang.org/x/term v0.0.0-20220514020125-10a3303e7f8a h1:ooPqO8pUf7+U+6ip5tJ7kH0t3qY20fFWDk4T6gq1x4Q=
golang.org/x/term v0.0.0-20220514020125-10a3303e7f8a/go.mod h1:ooPqO8pUf7+U+6ip5tJ7kH0t3qY20fFWDk4T6gq1x4Q=
golang.org/x/text v0.3.7 h1:olpwvX+1OQAHt/1Cru0UKImeVV/LOD9e98pKHTj1TQw=
golang.org/x/text v0.3.7/go.mod h1:5Zoc/QRz4rLRO/0sEi15F3qWq8T8aE5I5ghfWHkY7Y8=
golang.org/x/text v0.3.8 h1:yl41N2xHYOQf2lNp7iW+YB5oZaJqO6/RLmgnN+YNfMU=
golang.org/x/text v0.3.8/go.mod h1:5Zoc/QRz4rLRO/0sEi15F3qWq8T8aE5I5ghfWHkY7Y8=
golang.org/x/tools v0.0.0-20191130070609-2f1e9e2e38b7/go.mod h1:8F6mA8XJqV2dP+YLv6s5ut0nT4fQk8lN8wW3w98a6dA=
golang.org/x/tools v0.0.0-20210106214847-113979e3529a/go.mod h1:8F6mA8XJqV2dP+YLv6s5ut0nT4fQk8lN8wW3w98a6dA=
golang.org/x/tools v0.1.1 h1:pg99aQbI7cW+U/g1h7W/5eJ0m1nz7oN8L8/6G1F5dHc=
golang.org/x/tools v0.1.1/go.mod h1:oLD91Y8MkZ4w4Z+mv0eMz0l9c7bFMhM9Mk5a/J1bCP8=
gonum.org/v1/gonum v0.13.0 h1:a1b2H4hB1Xvs8DeQfQ3vYTp4xX1A0oG5tH2kA9eQhxc=
gonum.org/v1/gonum v0.13.0/go.mod h1:3J+8k6NGbXK/7G8N+6l+mwXMjwaoU4mni2s6+reD8uw=
google.golang.org/appengine v1.6.8 h1:/wp5JvzpHIxhs/dumFm4z3CpR0mlNewerjYwOd1eT/U=
google.golang.org/appengine v1.6.8/go.mod h1:iMxSqwRS+MLaNzl+RSkr60P5mR8uQbgYX0l4t8g9S6Y=
google.golang.org/protobuf v1.28.1 h1:tZ2fEHOSnHXi/8y8uW+yA7Y7J1g7oO2jK9W4wH6eJ8g=
google.golang.org/protobuf v1.28.1/go.mod h1:HV8hXzT+uv7uR9eW3V6xa9PqL7PpfWQi8kR0b2yRj8Q=
google.golang.org/protobuf v1.31.0 h1:9v9p8snuT23VJbt+0zwdzbiY1z2v9iLAvO8hP3sJqBA=
google.golang.org/protobuf v1.31.0/go.mod h1:9v9p8snuT23VJbt+0zwdzbiY1z2v9iLAvO8hP3sJqBA=
gopkg.in/check.v1 v0.0.0-20161208181325-20d25e280405/go.mod h1:Co6myWOf30ZOX26lazrIQA75tdHyC4G+p82EU3ST0T8=
gopkg.in/check.v1 v1.0.0 h1:yhCVgyC4o1eVCa2tZl7eS0r+SDo693bJlVdllGtEeKM=
gopkg.in/check.v1 v1.0.0/go.mod h1:Co6myWOf30ZOX26lazrIQA75tdHyC4G+p82EU3ST0T8=
gopkg.in/ini.v1 v1.67.0 h1:CRkT9s8nUWgK9vW+qUArD6uKS+RKX5lB7f7w5DxpAeY=
gopkg.in/ini.v1 v1.67.0/go.mod h1:CRkT9s8nUWgK9vW+qUArD6uKS+RKX5lB7f7w5DxpAeY=
gopkg.in/yaml.v2 v2.4.0 h1:D8xgwECY7CYvx+YW72ok/3HqscZx5GPJVDxD9h0T/RS=
gopkg.in/yaml.v2 v2.4.0/go.mod h1:6K3vV5nQXb5lD3B+9K8fY0Ez+0Xcy+6V6+7v2G3n1cI=
gopkg.in/yaml.v3 v3.0.1 h1:FHS1C9Yb/7N7f7K8q1mufW9RTqWx9Nt3uU94+3a0aCc=
gopkg.in/yaml.v3 v3.0.1/go.mod h1:K4uyk7z7B0MQO+kGg3fR/xJVC8KZY16HBQSqUAkM1vM=